// !$*UTF8*$!
{
	archiveVersion = 1;
	classes = {
	};
	objectVersion = 55;
	objects = {

/* Begin PBXBuildFile section */
		085632A32A2FFBE0000C25DD /* PokeRPGApp.swift in Sources */ = {isa = PBXBuildFile; fileRef = 085632A22A2FFBE0000C25DD /* PokeRPGApp.swift */; };
		085632A72A2FFBE3000C25DD /* Assets.xcassets in Resources */ = {isa = PBXBuildFile; fileRef = 085632A62A2FFBE3000C25DD /* Assets.xcassets */; };
		085632AA2A2FFBE3000C25DD /* Preview Assets.xcassets in Resources */ = {isa = PBXBuildFile; fileRef = 085632A92A2FFBE3000C25DD /* Preview Assets.xcassets */; };
		085632B42A2FFBE3000C25DD /* PokeRPGTests.swift in Sources */ = {isa = PBXBuildFile; fileRef = 085632B32A2FFBE3000C25DD /* PokeRPGTests.swift */; };
		085632BE2A2FFBE3000C25DD /* PokeRPGUITests.swift in Sources */ = {isa = PBXBuildFile; fileRef = 085632BD2A2FFBE3000C25DD /* PokeRPGUITests.swift */; };
		085632C02A2FFBE3000C25DD /* PokeRPGUITestsLaunchTests.swift in Sources */ = {isa = PBXBuildFile; fileRef = 085632BF2A2FFBE3000C25DD /* PokeRPGUITestsLaunchTests.swift */; };
		085632CD2A30099D000C25DD /* Pokemon.swift in Sources */ = {isa = PBXBuildFile; fileRef = 085632CC2A30099D000C25DD /* Pokemon.swift */; };
		088F05752A30C21D00596024 /* HomeScreen.swift in Sources */ = {isa = PBXBuildFile; fileRef = 088F05742A30C21D00596024 /* HomeScreen.swift */; };
		4F38654A2A340B7B007DF592 /* PokeAPI.swift in Sources */ = {isa = PBXBuildFile; fileRef = 4F3865492A340B7B007DF592 /* PokeAPI.swift */; };
		4F38654C2A3420E6007DF592 /* BattleScreen.swift in Sources */ = {isa = PBXBuildFile; fileRef = 4F38654B2A3420E6007DF592 /* BattleScreen.swift */; };
		4F38654E2A34B925007DF592 /* PokeData.swift in Sources */ = {isa = PBXBuildFile; fileRef = 4F38654D2A34B924007DF592 /* PokeData.swift */; };
		4F3865502A34C2CE007DF592 /* PkmnImage.swift in Sources */ = {isa = PBXBuildFile; fileRef = 4F38654F2A34C2CD007DF592 /* PkmnImage.swift */; };
/* End PBXBuildFile section */

/* Begin PBXContainerItemProxy section */
		085632B02A2FFBE3000C25DD /* PBXContainerItemProxy */ = {
			isa = PBXContainerItemProxy;
			containerPortal = 085632972A2FFBE0000C25DD /* Project object */;
			proxyType = 1;
			remoteGlobalIDString = 0856329E2A2FFBE0000C25DD;
			remoteInfo = PokeRPG;
		};
		085632BA2A2FFBE3000C25DD /* PBXContainerItemProxy */ = {
			isa = PBXContainerItemProxy;
			containerPortal = 085632972A2FFBE0000C25DD /* Project object */;
			proxyType = 1;
			remoteGlobalIDString = 0856329E2A2FFBE0000C25DD;
			remoteInfo = PokeRPG;
		};
/* End PBXContainerItemProxy section */

/* Begin PBXFileReference section */
		0856329F2A2FFBE0000C25DD /* PokeRPG.app */ = {isa = PBXFileReference; explicitFileType = wrapper.application; includeInIndex = 0; path = PokeRPG.app; sourceTree = BUILT_PRODUCTS_DIR; };
		085632A22A2FFBE0000C25DD /* PokeRPGApp.swift */ = {isa = PBXFileReference; lastKnownFileType = sourcecode.swift; path = PokeRPGApp.swift; sourceTree = "<group>"; };
		085632A62A2FFBE3000C25DD /* Assets.xcassets */ = {isa = PBXFileReference; lastKnownFileType = folder.assetcatalog; path = Assets.xcassets; sourceTree = "<group>"; };
		085632A92A2FFBE3000C25DD /* Preview Assets.xcassets */ = {isa = PBXFileReference; lastKnownFileType = folder.assetcatalog; path = "Preview Assets.xcassets"; sourceTree = "<group>"; };
		085632AF2A2FFBE3000C25DD /* PokeRPGTests.xctest */ = {isa = PBXFileReference; explicitFileType = wrapper.cfbundle; includeInIndex = 0; path = PokeRPGTests.xctest; sourceTree = BUILT_PRODUCTS_DIR; };
		085632B32A2FFBE3000C25DD /* PokeRPGTests.swift */ = {isa = PBXFileReference; lastKnownFileType = sourcecode.swift; path = PokeRPGTests.swift; sourceTree = "<group>"; };
		085632B92A2FFBE3000C25DD /* PokeRPGUITests.xctest */ = {isa = PBXFileReference; explicitFileType = wrapper.cfbundle; includeInIndex = 0; path = PokeRPGUITests.xctest; sourceTree = BUILT_PRODUCTS_DIR; };
		085632BD2A2FFBE3000C25DD /* PokeRPGUITests.swift */ = {isa = PBXFileReference; lastKnownFileType = sourcecode.swift; path = PokeRPGUITests.swift; sourceTree = "<group>"; };
		085632BF2A2FFBE3000C25DD /* PokeRPGUITestsLaunchTests.swift */ = {isa = PBXFileReference; lastKnownFileType = sourcecode.swift; path = PokeRPGUITestsLaunchTests.swift; sourceTree = "<group>"; };
		085632CC2A30099D000C25DD /* Pokemon.swift */ = {isa = PBXFileReference; lastKnownFileType = sourcecode.swift; path = Pokemon.swift; sourceTree = "<group>"; };
		088F05742A30C21D00596024 /* HomeScreen.swift */ = {isa = PBXFileReference; lastKnownFileType = sourcecode.swift; path = HomeScreen.swift; sourceTree = "<group>"; };
		4F3865492A340B7B007DF592 /* PokeAPI.swift */ = {isa = PBXFileReference; lastKnownFileType = sourcecode.swift; path = PokeAPI.swift; sourceTree = "<group>"; };
		4F38654B2A3420E6007DF592 /* BattleScreen.swift */ = {isa = PBXFileReference; lastKnownFileType = sourcecode.swift; path = BattleScreen.swift; sourceTree = "<group>"; };
		4F38654D2A34B924007DF592 /* PokeData.swift */ = {isa = PBXFileReference; lastKnownFileType = sourcecode.swift; path = PokeData.swift; sourceTree = "<group>"; };
		4F38654F2A34C2CD007DF592 /* PkmnImage.swift */ = {isa = PBXFileReference; lastKnownFileType = sourcecode.swift; path = PkmnImage.swift; sourceTree = "<group>"; };
/* End PBXFileReference section */

/* Begin PBXFrameworksBuildPhase section */
		0856329C2A2FFBE0000C25DD /* Frameworks */ = {
			isa = PBXFrameworksBuildPhase;
			buildActionMask = 2147483647;
			files = (
			);
			runOnlyForDeploymentPostprocessing = 0;
		};
		085632AC2A2FFBE3000C25DD /* Frameworks */ = {
			isa = PBXFrameworksBuildPhase;
			buildActionMask = 2147483647;
			files = (
			);
			runOnlyForDeploymentPostprocessing = 0;
		};
		085632B62A2FFBE3000C25DD /* Frameworks */ = {
			isa = PBXFrameworksBuildPhase;
			buildActionMask = 2147483647;
			files = (
			);
			runOnlyForDeploymentPostprocessing = 0;
		};
/* End PBXFrameworksBuildPhase section */

/* Begin PBXGroup section */
		085632962A2FFBE0000C25DD = {
			isa = PBXGroup;
			children = (
				085632A12A2FFBE0000C25DD /* PokeRPG */,
				085632B22A2FFBE3000C25DD /* PokeRPGTests */,
				085632BC2A2FFBE3000C25DD /* PokeRPGUITests */,
				085632A02A2FFBE0000C25DD /* Products */,
			);
			sourceTree = "<group>";
		};
		085632A02A2FFBE0000C25DD /* Products */ = {
			isa = PBXGroup;
			children = (
				0856329F2A2FFBE0000C25DD /* PokeRPG.app */,
				085632AF2A2FFBE3000C25DD /* PokeRPGTests.xctest */,
				085632B92A2FFBE3000C25DD /* PokeRPGUITests.xctest */,
			);
			name = Products;
			sourceTree = "<group>";
		};
		085632A12A2FFBE0000C25DD /* PokeRPG */ = {
			isa = PBXGroup;
			children = (
				085632A22A2FFBE0000C25DD /* PokeRPGApp.swift */,
				4F3865472A340B35007DF592 /* Views */,
				085632A62A2FFBE3000C25DD /* Assets.xcassets */,
				085632A82A2FFBE3000C25DD /* Preview Content */,
				4F3865482A340B5E007DF592 /* Classes */,
			);
			path = PokeRPG;
			sourceTree = "<group>";
		};
		085632A82A2FFBE3000C25DD /* Preview Content */ = {
			isa = PBXGroup;
			children = (
				085632A92A2FFBE3000C25DD /* Preview Assets.xcassets */,
			);
			path = "Preview Content";
			sourceTree = "<group>";
		};
		085632B22A2FFBE3000C25DD /* PokeRPGTests */ = {
			isa = PBXGroup;
			children = (
				085632B32A2FFBE3000C25DD /* PokeRPGTests.swift */,
			);
			path = PokeRPGTests;
			sourceTree = "<group>";
		};
		085632BC2A2FFBE3000C25DD /* PokeRPGUITests */ = {
			isa = PBXGroup;
			children = (
				085632BD2A2FFBE3000C25DD /* PokeRPGUITests.swift */,
				085632BF2A2FFBE3000C25DD /* PokeRPGUITestsLaunchTests.swift */,
			);
			path = PokeRPGUITests;
			sourceTree = "<group>";
		};
		4F3865472A340B35007DF592 /* Views */ = {
			isa = PBXGroup;
			children = (
				088F05742A30C21D00596024 /* HomeScreen.swift */,
				4F38654B2A3420E6007DF592 /* BattleScreen.swift */,
				4F38654F2A34C2CD007DF592 /* PkmnImage.swift */,
			);
			path = Views;
			sourceTree = "<group>";
		};
		4F3865482A340B5E007DF592 /* Classes */ = {
			isa = PBXGroup;
			children = (
				085632CC2A30099D000C25DD /* Pokemon.swift */,
				4F3865492A340B7B007DF592 /* PokeAPI.swift */,
				4F38654D2A34B924007DF592 /* PokeData.swift */,
			);
			path = Classes;
			sourceTree = "<group>";
		};
/* End PBXGroup section */

/* Begin PBXNativeTarget section */
		0856329E2A2FFBE0000C25DD /* PokeRPG */ = {
			isa = PBXNativeTarget;
			buildConfigurationList = 085632C32A2FFBE3000C25DD /* Build configuration list for PBXNativeTarget "PokeRPG" */;
			buildPhases = (
				0856329B2A2FFBE0000C25DD /* Sources */,
				0856329C2A2FFBE0000C25DD /* Frameworks */,
				0856329D2A2FFBE0000C25DD /* Resources */,
			);
			buildRules = (
			);
			dependencies = (
			);
			name = PokeRPG;
			productName = PokeRPG;
			productReference = 0856329F2A2FFBE0000C25DD /* PokeRPG.app */;
			productType = "com.apple.product-type.application";
		};
		085632AE2A2FFBE3000C25DD /* PokeRPGTests */ = {
			isa = PBXNativeTarget;
			buildConfigurationList = 085632C62A2FFBE3000C25DD /* Build configuration list for PBXNativeTarget "PokeRPGTests" */;
			buildPhases = (
				085632AB2A2FFBE3000C25DD /* Sources */,
				085632AC2A2FFBE3000C25DD /* Frameworks */,
				085632AD2A2FFBE3000C25DD /* Resources */,
			);
			buildRules = (
			);
			dependencies = (
				085632B12A2FFBE3000C25DD /* PBXTargetDependency */,
			);
			name = PokeRPGTests;
			productName = PokeRPGTests;
			productReference = 085632AF2A2FFBE3000C25DD /* PokeRPGTests.xctest */;
			productType = "com.apple.product-type.bundle.unit-test";
		};
		085632B82A2FFBE3000C25DD /* PokeRPGUITests */ = {
			isa = PBXNativeTarget;
			buildConfigurationList = 085632C92A2FFBE3000C25DD /* Build configuration list for PBXNativeTarget "PokeRPGUITests" */;
			buildPhases = (
				085632B52A2FFBE3000C25DD /* Sources */,
				085632B62A2FFBE3000C25DD /* Frameworks */,
				085632B72A2FFBE3000C25DD /* Resources */,
			);
			buildRules = (
			);
			dependencies = (
				085632BB2A2FFBE3000C25DD /* PBXTargetDependency */,
			);
			name = PokeRPGUITests;
			productName = PokeRPGUITests;
			productReference = 085632B92A2FFBE3000C25DD /* PokeRPGUITests.xctest */;
			productType = "com.apple.product-type.bundle.ui-testing";
		};
/* End PBXNativeTarget section */

/* Begin PBXProject section */
		085632972A2FFBE0000C25DD /* Project object */ = {
			isa = PBXProject;
			attributes = {
				BuildIndependentTargetsInParallel = 1;
				LastSwiftUpdateCheck = 1320;
				LastUpgradeCheck = 1320;
				TargetAttributes = {
					0856329E2A2FFBE0000C25DD = {
						CreatedOnToolsVersion = 13.2.1;
					};
					085632AE2A2FFBE3000C25DD = {
						CreatedOnToolsVersion = 13.2.1;
						TestTargetID = 0856329E2A2FFBE0000C25DD;
					};
					085632B82A2FFBE3000C25DD = {
						CreatedOnToolsVersion = 13.2.1;
						TestTargetID = 0856329E2A2FFBE0000C25DD;
					};
				};
			};
			buildConfigurationList = 0856329A2A2FFBE0000C25DD /* Build configuration list for PBXProject "PokeRPG" */;
			compatibilityVersion = "Xcode 13.0";
			developmentRegion = en;
			hasScannedForEncodings = 0;
			knownRegions = (
				en,
				Base,
			);
			mainGroup = 085632962A2FFBE0000C25DD;
			productRefGroup = 085632A02A2FFBE0000C25DD /* Products */;
			projectDirPath = "";
			projectRoot = "";
			targets = (
				0856329E2A2FFBE0000C25DD /* PokeRPG */,
				085632AE2A2FFBE3000C25DD /* PokeRPGTests */,
				085632B82A2FFBE3000C25DD /* PokeRPGUITests */,
			);
		};
/* End PBXProject section */

/* Begin PBXResourcesBuildPhase section */
		0856329D2A2FFBE0000C25DD /* Resources */ = {
			isa = PBXResourcesBuildPhase;
			buildActionMask = 2147483647;
			files = (
				085632AA2A2FFBE3000C25DD /* Preview Assets.xcassets in Resources */,
				085632A72A2FFBE3000C25DD /* Assets.xcassets in Resources */,
			);
			runOnlyForDeploymentPostprocessing = 0;
		};
		085632AD2A2FFBE3000C25DD /* Resources */ = {
			isa = PBXResourcesBuildPhase;
			buildActionMask = 2147483647;
			files = (
			);
			runOnlyForDeploymentPostprocessing = 0;
		};
		085632B72A2FFBE3000C25DD /* Resources */ = {
			isa = PBXResourcesBuildPhase;
			buildActionMask = 2147483647;
			files = (
			);
			runOnlyForDeploymentPostprocessing = 0;
		};
/* End PBXResourcesBuildPhase section */

/* Begin PBXSourcesBuildPhase section */
		0856329B2A2FFBE0000C25DD /* Sources */ = {
			isa = PBXSourcesBuildPhase;
			buildActionMask = 2147483647;
			files = (
				4F38654A2A340B7B007DF592 /* PokeAPI.swift in Sources */,
				4F3865502A34C2CE007DF592 /* PkmnImage.swift in Sources */,
				088F05752A30C21D00596024 /* HomeScreen.swift in Sources */,
				4F38654C2A3420E6007DF592 /* BattleScreen.swift in Sources */,
				085632A32A2FFBE0000C25DD /* PokeRPGApp.swift in Sources */,
				4F38654E2A34B925007DF592 /* PokeData.swift in Sources */,
				085632CD2A30099D000C25DD /* Pokemon.swift in Sources */,
			);
			runOnlyForDeploymentPostprocessing = 0;
		};
		085632AB2A2FFBE3000C25DD /* Sources */ = {
			isa = PBXSourcesBuildPhase;
			buildActionMask = 2147483647;
			files = (
				085632B42A2FFBE3000C25DD /* PokeRPGTests.swift in Sources */,
			);
			runOnlyForDeploymentPostprocessing = 0;
		};
		085632B52A2FFBE3000C25DD /* Sources */ = {
			isa = PBXSourcesBuildPhase;
			buildActionMask = 2147483647;
			files = (
				085632BE2A2FFBE3000C25DD /* PokeRPGUITests.swift in Sources */,
				085632C02A2FFBE3000C25DD /* PokeRPGUITestsLaunchTests.swift in Sources */,
			);
			runOnlyForDeploymentPostprocessing = 0;
		};
/* End PBXSourcesBuildPhase section */

/* Begin PBXTargetDependency section */
		085632B12A2FFBE3000C25DD /* PBXTargetDependency */ = {
			isa = PBXTargetDependency;
			target = 0856329E2A2FFBE0000C25DD /* PokeRPG */;
			targetProxy = 085632B02A2FFBE3000C25DD /* PBXContainerItemProxy */;
		};
		085632BB2A2FFBE3000C25DD /* PBXTargetDependency */ = {
			isa = PBXTargetDependency;
			target = 0856329E2A2FFBE0000C25DD /* PokeRPG */;
			targetProxy = 085632BA2A2FFBE3000C25DD /* PBXContainerItemProxy */;
		};
/* End PBXTargetDependency section */

/* Begin XCBuildConfiguration section */
		085632C12A2FFBE3000C25DD /* Debug */ = {
			isa = XCBuildConfiguration;
			buildSettings = {
				ALWAYS_SEARCH_USER_PATHS = NO;
				CLANG_ANALYZER_NONNULL = YES;
				CLANG_ANALYZER_NUMBER_OBJECT_CONVERSION = YES_AGGRESSIVE;
				CLANG_CXX_LANGUAGE_STANDARD = "gnu++17";
				CLANG_CXX_LIBRARY = "libc++";
				CLANG_ENABLE_MODULES = YES;
				CLANG_ENABLE_OBJC_ARC = YES;
				CLANG_ENABLE_OBJC_WEAK = YES;
				CLANG_WARN_BLOCK_CAPTURE_AUTORELEASING = YES;
				CLANG_WARN_BOOL_CONVERSION = YES;
				CLANG_WARN_COMMA = YES;
				CLANG_WARN_CONSTANT_CONVERSION = YES;
				CLANG_WARN_DEPRECATED_OBJC_IMPLEMENTATIONS = YES;
				CLANG_WARN_DIRECT_OBJC_ISA_USAGE = YES_ERROR;
				CLANG_WARN_DOCUMENTATION_COMMENTS = YES;
				CLANG_WARN_EMPTY_BODY = YES;
				CLANG_WARN_ENUM_CONVERSION = YES;
				CLANG_WARN_INFINITE_RECURSION = YES;
				CLANG_WARN_INT_CONVERSION = YES;
				CLANG_WARN_NON_LITERAL_NULL_CONVERSION = YES;
				CLANG_WARN_OBJC_IMPLICIT_RETAIN_SELF = YES;
				CLANG_WARN_OBJC_LITERAL_CONVERSION = YES;
				CLANG_WARN_OBJC_ROOT_CLASS = YES_ERROR;
				CLANG_WARN_QUOTED_INCLUDE_IN_FRAMEWORK_HEADER = YES;
				CLANG_WARN_RANGE_LOOP_ANALYSIS = YES;
				CLANG_WARN_STRICT_PROTOTYPES = YES;
				CLANG_WARN_SUSPICIOUS_MOVE = YES;
				CLANG_WARN_UNGUARDED_AVAILABILITY = YES_AGGRESSIVE;
				CLANG_WARN_UNREACHABLE_CODE = YES;
				CLANG_WARN__DUPLICATE_METHOD_MATCH = YES;
				COPY_PHASE_STRIP = NO;
				DEBUG_INFORMATION_FORMAT = dwarf;
				ENABLE_STRICT_OBJC_MSGSEND = YES;
				ENABLE_TESTABILITY = YES;
				GCC_C_LANGUAGE_STANDARD = gnu11;
				GCC_DYNAMIC_NO_PIC = NO;
				GCC_NO_COMMON_BLOCKS = YES;
				GCC_OPTIMIZATION_LEVEL = 0;
				GCC_PREPROCESSOR_DEFINITIONS = (
					"DEBUG=1",
					"$(inherited)",
				);
				GCC_WARN_64_TO_32_BIT_CONVERSION = YES;
				GCC_WARN_ABOUT_RETURN_TYPE = YES_ERROR;
				GCC_WARN_UNDECLARED_SELECTOR = YES;
				GCC_WARN_UNINITIALIZED_AUTOS = YES_AGGRESSIVE;
				GCC_WARN_UNUSED_FUNCTION = YES;
				GCC_WARN_UNUSED_VARIABLE = YES;
				IPHONEOS_DEPLOYMENT_TARGET = 15.2;
				MTL_ENABLE_DEBUG_INFO = INCLUDE_SOURCE;
				MTL_FAST_MATH = YES;
				ONLY_ACTIVE_ARCH = YES;
				SDKROOT = iphoneos;
				SWIFT_ACTIVE_COMPILATION_CONDITIONS = DEBUG;
				SWIFT_OPTIMIZATION_LEVEL = "-Onone";
			};
			name = Debug;
		};
		085632C22A2FFBE3000C25DD /* Release */ = {
			isa = XCBuildConfiguration;
			buildSettings = {
				ALWAYS_SEARCH_USER_PATHS = NO;
				CLANG_ANALYZER_NONNULL = YES;
				CLANG_ANALYZER_NUMBER_OBJECT_CONVERSION = YES_AGGRESSIVE;
				CLANG_CXX_LANGUAGE_STANDARD = "gnu++17";
				CLANG_CXX_LIBRARY = "libc++";
				CLANG_ENABLE_MODULES = YES;
				CLANG_ENABLE_OBJC_ARC = YES;
				CLANG_ENABLE_OBJC_WEAK = YES;
				CLANG_WARN_BLOCK_CAPTURE_AUTORELEASING = YES;
				CLANG_WARN_BOOL_CONVERSION = YES;
				CLANG_WARN_COMMA = YES;
				CLANG_WARN_CONSTANT_CONVERSION = YES;
				CLANG_WARN_DEPRECATED_OBJC_IMPLEMENTATIONS = YES;
				CLANG_WARN_DIRECT_OBJC_ISA_USAGE = YES_ERROR;
				CLANG_WARN_DOCUMENTATION_COMMENTS = YES;
				CLANG_WARN_EMPTY_BODY = YES;
				CLANG_WARN_ENUM_CONVERSION = YES;
				CLANG_WARN_INFINITE_RECURSION = YES;
				CLANG_WARN_INT_CONVERSION = YES;
				CLANG_WARN_NON_LITERAL_NULL_CONVERSION = YES;
				CLANG_WARN_OBJC_IMPLICIT_RETAIN_SELF = YES;
				CLANG_WARN_OBJC_LITERAL_CONVERSION = YES;
				CLANG_WARN_OBJC_ROOT_CLASS = YES_ERROR;
				CLANG_WARN_QUOTED_INCLUDE_IN_FRAMEWORK_HEADER = YES;
				CLANG_WARN_RANGE_LOOP_ANALYSIS = YES;
				CLANG_WARN_STRICT_PROTOTYPES = YES;
				CLANG_WARN_SUSPICIOUS_MOVE = YES;
				CLANG_WARN_UNGUARDED_AVAILABILITY = YES_AGGRESSIVE;
				CLANG_WARN_UNREACHABLE_CODE = YES;
				CLANG_WARN__DUPLICATE_METHOD_MATCH = YES;
				COPY_PHASE_STRIP = NO;
				DEBUG_INFORMATION_FORMAT = "dwarf-with-dsym";
				ENABLE_NS_ASSERTIONS = NO;
				ENABLE_STRICT_OBJC_MSGSEND = YES;
				GCC_C_LANGUAGE_STANDARD = gnu11;
				GCC_NO_COMMON_BLOCKS = YES;
				GCC_WARN_64_TO_32_BIT_CONVERSION = YES;
				GCC_WARN_ABOUT_RETURN_TYPE = YES_ERROR;
				GCC_WARN_UNDECLARED_SELECTOR = YES;
				GCC_WARN_UNINITIALIZED_AUTOS = YES_AGGRESSIVE;
				GCC_WARN_UNUSED_FUNCTION = YES;
				GCC_WARN_UNUSED_VARIABLE = YES;
				IPHONEOS_DEPLOYMENT_TARGET = 15.2;
				MTL_ENABLE_DEBUG_INFO = NO;
				MTL_FAST_MATH = YES;
				SDKROOT = iphoneos;
				SWIFT_COMPILATION_MODE = wholemodule;
				SWIFT_OPTIMIZATION_LEVEL = "-O";
				VALIDATE_PRODUCT = YES;
			};
			name = Release;
		};
		085632C42A2FFBE3000C25DD /* Debug */ = {
			isa = XCBuildConfiguration;
			buildSettings = {
				ASSETCATALOG_COMPILER_APPICON_NAME = AppIcon;
				ASSETCATALOG_COMPILER_GLOBAL_ACCENT_COLOR_NAME = AccentColor;
				CODE_SIGN_STYLE = Automatic;
				CURRENT_PROJECT_VERSION = 1;
				DEVELOPMENT_ASSET_PATHS = "\"PokeRPG/Preview Content\"";
				DEVELOPMENT_TEAM = TJ7NVYH4UD;
				ENABLE_PREVIEWS = YES;
				GENERATE_INFOPLIST_FILE = YES;
				INFOPLIST_KEY_UIApplicationSceneManifest_Generation = YES;
				INFOPLIST_KEY_UIApplicationSupportsIndirectInputEvents = YES;
				INFOPLIST_KEY_UILaunchScreen_Generation = YES;
				INFOPLIST_KEY_UISupportedInterfaceOrientations_iPad = "UIInterfaceOrientationPortrait UIInterfaceOrientationPortraitUpsideDown UIInterfaceOrientationLandscapeLeft UIInterfaceOrientationLandscapeRight";
				INFOPLIST_KEY_UISupportedInterfaceOrientations_iPhone = "UIInterfaceOrientationPortrait UIInterfaceOrientationLandscapeLeft UIInterfaceOrientationLandscapeRight";
				IPHONEOS_DEPLOYMENT_TARGET = 15.2;
				LD_RUNPATH_SEARCH_PATHS = (
					"$(inherited)",
					"@executable_path/Frameworks",
				);
				MARKETING_VERSION = 1.0;
				PRODUCT_BUNDLE_IDENTIFIER = Alyzor.PokeRPG;
				PRODUCT_NAME = "$(TARGET_NAME)";
				SWIFT_EMIT_LOC_STRINGS = YES;
				SWIFT_VERSION = 5.0;
				TARGETED_DEVICE_FAMILY = "1,2";
			};
			name = Debug;
		};
		085632C52A2FFBE3000C25DD /* Release */ = {
			isa = XCBuildConfiguration;
			buildSettings = {
				ASSETCATALOG_COMPILER_APPICON_NAME = AppIcon;
				ASSETCATALOG_COMPILER_GLOBAL_ACCENT_COLOR_NAME = AccentColor;
				CODE_SIGN_STYLE = Automatic;
				CURRENT_PROJECT_VERSION = 1;
				DEVELOPMENT_ASSET_PATHS = "\"PokeRPG/Preview Content\"";
				DEVELOPMENT_TEAM = TJ7NVYH4UD;
				ENABLE_PREVIEWS = YES;
				GENERATE_INFOPLIST_FILE = YES;
				INFOPLIST_KEY_UIApplicationSceneManifest_Generation = YES;
				INFOPLIST_KEY_UIApplicationSupportsIndirectInputEvents = YES;
				INFOPLIST_KEY_UILaunchScreen_Generation = YES;
				INFOPLIST_KEY_UISupportedInterfaceOrientations_iPad = "UIInterfaceOrientationPortrait UIInterfaceOrientationPortraitUpsideDown UIInterfaceOrientationLandscapeLeft UIInterfaceOrientationLandscapeRight";
				INFOPLIST_KEY_UISupportedInterfaceOrientations_iPhone = "UIInterfaceOrientationPortrait UIInterfaceOrientationLandscapeLeft UIInterfaceOrientationLandscapeRight";
				IPHONEOS_DEPLOYMENT_TARGET = 15.2;
				LD_RUNPATH_SEARCH_PATHS = (
					"$(inherited)",
					"@executable_path/Frameworks",
				);
				MARKETING_VERSION = 1.0;
				PRODUCT_BUNDLE_IDENTIFIER = Alyzor.PokeRPG;
				PRODUCT_NAME = "$(TARGET_NAME)";
				SWIFT_EMIT_LOC_STRINGS = YES;
				SWIFT_VERSION = 5.0;
				TARGETED_DEVICE_FAMILY = "1,2";
			};
			name = Release;
		};
		085632C72A2FFBE3000C25DD /* Debug */ = {
			isa = XCBuildConfiguration;
			buildSettings = {
				ALWAYS_EMBED_SWIFT_STANDARD_LIBRARIES = YES;
				BUNDLE_LOADER = "$(TEST_HOST)";
				CODE_SIGN_STYLE = Automatic;
				CURRENT_PROJECT_VERSION = 1;
				DEVELOPMENT_TEAM = TJ7NVYH4UD;
				GENERATE_INFOPLIST_FILE = YES;
				IPHONEOS_DEPLOYMENT_TARGET = 15.2;
				MARKETING_VERSION = 1.0;
				PRODUCT_BUNDLE_IDENTIFIER = Alyzor.PokeRPGTests;
				PRODUCT_NAME = "$(TARGET_NAME)";
				SWIFT_EMIT_LOC_STRINGS = NO;
				SWIFT_VERSION = 5.0;
				TARGETED_DEVICE_FAMILY = "1,2";
				TEST_HOST = "$(BUILT_PRODUCTS_DIR)/PokeRPG.app/PokeRPG";
			};
			name = Debug;
		};
		085632C82A2FFBE3000C25DD /* Release */ = {
			isa = XCBuildConfiguration;
			buildSettings = {
				ALWAYS_EMBED_SWIFT_STANDARD_LIBRARIES = YES;
				BUNDLE_LOADER = "$(TEST_HOST)";
				CODE_SIGN_STYLE = Automatic;
				CURRENT_PROJECT_VERSION = 1;
				DEVELOPMENT_TEAM = TJ7NVYH4UD;
				GENERATE_INFOPLIST_FILE = YES;
				IPHONEOS_DEPLOYMENT_TARGET = 15.2;
				MARKETING_VERSION = 1.0;
				PRODUCT_BUNDLE_IDENTIFIER = Alyzor.PokeRPGTests;
				PRODUCT_NAME = "$(TARGET_NAME)";
				SWIFT_EMIT_LOC_STRINGS = NO;
				SWIFT_VERSION = 5.0;
				TARGETED_DEVICE_FAMILY = "1,2";
				TEST_HOST = "$(BUILT_PRODUCTS_DIR)/PokeRPG.app/PokeRPG";
			};
			name = Release;
		};
		085632CA2A2FFBE3000C25DD /* Debug */ = {
			isa = XCBuildConfiguration;
			buildSettings = {
				ALWAYS_EMBED_SWIFT_STANDARD_LIBRARIES = YES;
				CODE_SIGN_STYLE = Automatic;
				CURRENT_PROJECT_VERSION = 1;
				DEVELOPMENT_TEAM = TJ7NVYH4UD;
				GENERATE_INFOPLIST_FILE = YES;
				MARKETING_VERSION = 1.0;
				PRODUCT_BUNDLE_IDENTIFIER = Alyzor.PokeRPGUITests;
				PRODUCT_NAME = "$(TARGET_NAME)";
				SWIFT_EMIT_LOC_STRINGS = NO;
				SWIFT_VERSION = 5.0;
				TARGETED_DEVICE_FAMILY = "1,2";
				TEST_TARGET_NAME = PokeRPG;
			};
			name = Debug;
		};
		085632CB2A2FFBE3000C25DD /* Release */ = {
			isa = XCBuildConfiguration;
			buildSettings = {
				ALWAYS_EMBED_SWIFT_STANDARD_LIBRARIES = YES;
				CODE_SIGN_STYLE = Automatic;
				CURRENT_PROJECT_VERSION = 1;
				DEVELOPMENT_TEAM = TJ7NVYH4UD;
				GENERATE_INFOPLIST_FILE = YES;
				MARKETING_VERSION = 1.0;
				PRODUCT_BUNDLE_IDENTIFIER = Alyzor.PokeRPGUITests;
				PRODUCT_NAME = "$(TARGET_NAME)";
				SWIFT_EMIT_LOC_STRINGS = NO;
				SWIFT_VERSION = 5.0;
				TARGETED_DEVICE_FAMILY = "1,2";
				TEST_TARGET_NAME = PokeRPG;
			};
			name = Release;
		};
/* End XCBuildConfiguration section */

/* Begin XCConfigurationList section */
		0856329A2A2FFBE0000C25DD /* Build configuration list for PBXProject "PokeRPG" */ = {
			isa = XCConfigurationList;
			buildConfigurations = (
				085632C12A2FFBE3000C25DD /* Debug */,
				085632C22A2FFBE3000C25DD /* Release */,
			);
			defaultConfigurationIsVisible = 0;
			defaultConfigurationName = Release;
		};
		085632C32A2FFBE3000C25DD /* Build configuration list for PBXNativeTarget "PokeRPG" */ = {
			isa = XCConfigurationList;
			buildConfigurations = (
				085632C42A2FFBE3000C25DD /* Debug */,
				085632C52A2FFBE3000C25DD /* Release */,
			);
			defaultConfigurationIsVisible = 0;
			defaultConfigurationName = Release;
		};
		085632C62A2FFBE3000C25DD /* Build configuration list for PBXNativeTarget "PokeRPGTests" */ = {
			isa = XCConfigurationList;
			buildConfigurations = (
				085632C72A2FFBE3000C25DD /* Debug */,
				085632C82A2FFBE3000C25DD /* Release */,
			);
			defaultConfigurationIsVisible = 0;
			defaultConfigurationName = Release;
		};
		085632C92A2FFBE3000C25DD /* Build configuration list for PBXNativeTarget "PokeRPGUITests" */ = {
			isa = XCConfigurationList;
			buildConfigurations = (
				085632CA2A2FFBE3000C25DD /* Debug */,
				085632CB2A2FFBE3000C25DD /* Release */,
			);
			defaultConfigurationIsVisible = 0;
			defaultConfigurationName = Release;
		};
/* End XCConfigurationList section */
	};
	rootObject = 085632972A2FFBE0000C25DD /* Project object */;
}
